<?xml version="1.0" encoding="utf-8"?>
<Project ToolsVersion="4.0" xmlns="http://schemas.microsoft.com/developer/msbuild/2003">
  <ItemGroup>
    <Filter Include="Source Files">
      <UniqueIdentifier>{4FC737F1-C7A5-4376-A066-2A32D752A2FF}</UniqueIdentifier>
      <Extensions>cpp;c;cc;cxx;def;odl;idl;hpj;bat;asm;asmx</Extensions>
    </Filter>
    <Filter Include="Header Files">
      <UniqueIdentifier>{93995380-89BD-4b04-88EB-625FBE52EBFB}</UniqueIdentifier>
      <Extensions>h;hpp;hxx;hm;inl;inc;xsd</Extensions>
    </Filter>
    <Filter Include="Resource Files">
      <UniqueIdentifier>{67DA6AB6-F800-4c08-8B7A-83BB121AAD01}</UniqueIdentifier>
      <Extensions>rc;ico;cur;bmp;dlg;rc2;rct;bin;rgs;gif;jpg;jpeg;jpe;resx;tiff;tif;png;wav</Extensions>
    </Filter>
  </ItemGroup>
  <ItemGroup>
    <ClCompile Include="algorithm.cpp">
      <Filter>Source Files</Filter>
    </ClCompile>
    <ClCompile Include="config.cpp">
      <Filter>Source Files</Filter>
    </ClCompile>
    <ClCompile Include="genetic_algorithm.cpp">
      <Filter>Source Files</Filter>
    </ClCompile>
    <ClCompile Include="main.cpp">
      <Filter>Source Files</Filter>
    </ClCompile>
    <ClCompile Include="mtrand.cpp">
      <Filter>Source Files</Filter>
    </ClCompile>
    <ClCompile Include="point_calculator.cpp">
      <Filter>Source Files</Filter>
    </ClCompile>
    <ClCompile Include="quick_sorter.cpp">
      <Filter>Source Files</Filter>
    </ClCompile>
    <ClCompile Include="utils.cpp">
      <Filter>Source Files</Filter>
    </ClCompile>
    <ClCompile Include="board.cpp">
      <Filter>Source Files</Filter>
    </ClCompile>
    <ClCompile Include="piece.cpp">
      <Filter>Source Files</Filter>
    </ClCompile>
    <ClCompile Include="hcsa.cpp">
      <Filter>Source Files</Filter>
    </ClCompile>
    <ClCompile Include="edge_solver.cpp">
      <Filter>Source Files</Filter>
    </ClCompile>
    <ClCompile Include="fileio.cpp">
      <Filter>Source Files</Filter>
    </ClCompile>
    <ClCompile Include="boardio.cpp">
      <Filter>Source Files</Filter>
    </ClCompile>
  </ItemGroup>
  <ItemGroup>
    <ClInclude Include="Algorithm.h">
      <Filter>Header Files</Filter>
    </ClInclude>
    <ClInclude Include="config.h">
      <Filter>Header Files</Filter>
    </ClInclude>
    <ClInclude Include="constants.h">
      <Filter>Header Files</Filter>
    </ClInclude>
    <ClInclude Include="genetic_algorithm.h">
      <Filter>Header Files</Filter>
    </ClInclude>
    <ClInclude Include="mtrand.h">
      <Filter>Header Files</Filter>
    </ClInclude>
    <ClInclude Include="point_calculator.h">
      <Filter>Header Files</Filter>
    </ClInclude>
    <ClInclude Include="population_sorter.h">
      <Filter>Header Files</Filter>
    </ClInclude>
    <ClInclude Include="quick_sorter.h">
      <Filter>Header Files</Filter>
    </ClInclude>
    <ClInclude Include="utils.h">
      <Filter>Header Files</Filter>
    </ClInclude>
    <ClInclude Include="board.h">
      <Filter>Header Files</Filter>
    </ClInclude>
    <ClInclude Include="piece.h">
      <Filter>Header Files</Filter>
    </ClInclude>
    <ClInclude Include="hcsa.h">
      <Filter>Header Files</Filter>
    </ClInclude>
    <ClInclude Include="edge_solver.h">
      <Filter>Header Files</Filter>
    </ClInclude>
    <ClInclude Include="fileio.h">
      <Filter>Header Files</Filter>
    </ClInclude>
    <ClInclude Include="boardio.h">
      <Filter>Header Files</Filter>
    </ClInclude>
  </ItemGroup>
</Project>